{
  "name": "pok",
  "version": "1.0.1",
  "lockfileVersion": 1,
  "requires": true,
  "dependencies": {
    "@types/debug": {
      "version": "4.1.7",
      "resolved": "http://r.npm.sankuai.com/@types/debug/download/@types/debug-4.1.7.tgz",
      "integrity": "sha1-fMDqdhUJEkcJuLLRCQ2PbBeq24I=",
      "dev": true,
      "requires": {
        "@types/ms": "*"
      }
    },
    "@types/fs-extra": {
      "version": "9.0.13",
      "resolved": "http://r.npm.sankuai.com/@types/fs-extra/download/@types/fs-extra-9.0.13.tgz",
      "integrity": "sha1-dZT7rgT+fxkYzos9IT90/0SsH0U=",
      "dev": true,
      "requires": {
        "@types/node": "*"
      }
    },
    "@types/glob": {
      "version": "7.2.0",
      "resolved": "http://r.npm.sankuai.com/@types/glob/download/@types/glob-7.2.0.tgz",
      "integrity": "sha1-vBtb86qS8lvV3TnzXFc2G9zlsus=",
      "dev": true,
      "requires": {
        "@types/minimatch": "*",
        "@types/node": "*"
      }
    },
    "@types/minimatch": {
      "version": "3.0.5",
      "resolved": "http://r.npm.sankuai.com/@types/minimatch/download/@types/minimatch-3.0.5.tgz",
      "integrity": "sha1-EAHMXmo3BLg8I2An538vWOoBD0A=",
      "dev": true
    },
    "@types/ms": {
      "version": "0.7.31",
      "resolved": "http://r.npm.sankuai.com/@types/ms/download/@types/ms-0.7.31.tgz",
      "integrity": "sha1-MbfKZAcSij0rvCf+LSGzRTl/YZc=",
      "dev": true
    },
    "@types/node": {
      "version": "18.0.0",
      "resolved": "http://r.npm.sankuai.com/@types/node/download/@types/node-18.0.0.tgz",
      "integrity": "sha1-Z8e3JOG83XqIIc4NXuGE07TdUlo=",
      "dev": true
    },
    "@types/prompts": {
      "version": "2.0.14",
      "resolved": "http://r.npm.sankuai.com/@types/prompts/download/@types/prompts-2.0.14.tgz",
      "integrity": "sha1-EMuImYRLsHccq+V8G+yqrKmjtSE=",
      "dev": true,
      "requires": {
        "@types/node": "*"
      }
    },
    "@types/shelljs": {
      "version": "0.8.10",
      "resolved": "http://r.npm.sankuai.com/@types/shelljs/download/@types/shelljs-0.8.10.tgz",
      "integrity": "sha1-wzB5ybQanW94j5jx2KaPiAoU9FQ=",
      "dev": true,
      "requires": {
        "@types/glob": "*",
        "@types/node": "*"
      }
    },
    "ansi-styles": {
      "version": "4.3.0",
      "resolved": "http://r.npm.sankuai.com/ansi-styles/download/ansi-styles-4.3.0.tgz",
      "integrity": "sha1-7dgDYornHATIWuegkG7a00tkiTc=",
      "requires": {
        "color-convert": "^2.0.1"
      }
    },
    "balanced-match": {
      "version": "1.0.2",
      "resolved": "http://r.npm.sankuai.com/balanced-match/download/balanced-match-1.0.2.tgz",
      "integrity": "sha1-6D46fj8wCzTLnYf2FfoMvzV2kO4="
    },
    "brace-expansion": {
      "version": "1.1.11",
      "resolved": "http://r.npm.sankuai.com/brace-expansion/download/brace-expansion-1.1.11.tgz",
      "integrity": "sha1-PH/L9SnYcibz0vUrlm/1Jx60Qd0=",
      "requires": {
        "balanced-match": "^1.0.0",
        "concat-map": "0.0.1"
      }
    },
    "chalk": {
      "version": "4.1.2",
      "resolved": "http://r.npm.sankuai.com/chalk/download/chalk-4.1.2.tgz",
      "integrity": "sha1-qsTit3NKdAhnrrFr8CqtVWoeegE=",
      "requires": {
        "ansi-styles": "^4.1.0",
        "supports-color": "^7.1.0"
      }
    },
    "color-convert": {
      "version": "2.0.1",
      "resolved": "http://r.npm.sankuai.com/color-convert/download/color-convert-2.0.1.tgz",
      "integrity": "sha1-ctOmjVmMm9s68q0ehPIdiWq9TeM=",
      "requires": {
        "color-name": "~1.1.4"
      }
    },
    "color-name": {
      "version": "1.1.4",
      "resolved": "http://r.npm.sankuai.com/color-name/download/color-name-1.1.4.tgz",
      "integrity": "sha1-wqCah6y95pVD3m9j+jmVyCbFNqI="
    },
    "concat-map": {
      "version": "0.0.1",
      "resolved": "http://r.npm.sankuai.com/concat-map/download/concat-map-0.0.1.tgz",
      "integrity": "sha1-2Klr13/Wjfd5OnMDajug1UBdR3s="
    },
    "crypto": {
      "version": "1.0.1",
      "resolved": "http://r.npm.sankuai.com/crypto/download/crypto-1.0.1.tgz",
      "integrity": "sha1-KvG3ytgXXSTIobB3glV5SiGAMDc="
    },
    "debug": {
      "version": "4.3.4",
      "resolved": "http://r.npm.sankuai.com/debug/download/debug-4.3.4.tgz",
      "integrity": "sha1-Exn2V5NX8jONMzfSzdSRS7XcyGU=",
      "requires": {
        "ms": "2.1.2"
      }
    },
    "error-ex": {
      "version": "1.3.2",
      "resolved": "http://r.npm.sankuai.com/error-ex/download/error-ex-1.3.2.tgz",
      "integrity": "sha1-tKxAZIEH/c3PriQvQovqihTU8b8=",
      "requires": {
        "is-arrayish": "^0.2.1"
      }
    },
    "escape-string-regexp": {
      "version": "1.0.5",
      "resolved": "http://r.npm.sankuai.com/escape-string-regexp/download/escape-string-regexp-1.0.5.tgz",
      "integrity": "sha1-G2HAViGQqN/2rjuyzwIAyhMLhtQ="
    },
    "figures": {
      "version": "2.0.0",
      "resolved": "http://r.npm.sankuai.com/figures/download/figures-2.0.0.tgz",
      "integrity": "sha1-OrGi0qYsi/tDGgyUy3l6L84nyWI=",
      "requires": {
        "escape-string-regexp": "^1.0.5"
      }
    },
    "find-up": {
      "version": "2.1.0",
      "resolved": "http://r.npm.sankuai.com/find-up/download/find-up-2.1.0.tgz",
      "integrity": "sha1-RdG35QbHF93UgndaK3eSCjwMV6c=",
      "requires": {
        "locate-path": "^2.0.0"
      }
    },
    "fs": {
      "version": "0.0.1-security",
      "resolved": "http://r.npm.sankuai.com/fs/download/fs-0.0.1-security.tgz",
      "integrity": "sha1-invTcYa23d84E/I4WLV+yq9eQdQ="
    },
    "fs-extra": {
      "version": "10.1.0",
      "resolved": "http://r.npm.sankuai.com/fs-extra/download/fs-extra-10.1.0.tgz",
      "integrity": "sha1-Aoc8+8QITd4SfqpfmQXu8jJdGr8=",
      "requires": {
        "graceful-fs": "^4.2.0",
        "jsonfile": "^6.0.1",
        "universalify": "^2.0.0"
      }
    },
    "fs.realpath": {
      "version": "1.0.0",
      "resolved": "http://r.npm.sankuai.com/fs.realpath/download/fs.realpath-1.0.0.tgz",
      "integrity": "sha1-FQStJSMVjKpA20onh8sBQRmU6k8="
    },
    "function-bind": {
      "version": "1.1.1",
      "resolved": "http://r.npm.sankuai.com/function-bind/download/function-bind-1.1.1.tgz",
      "integrity": "sha1-pWiZ0+o8m6uHS7l3O3xe3pL0iV0="
    },
    "glob": {
      "version": "7.2.3",
      "resolved": "http://r.npm.sankuai.com/glob/download/glob-7.2.3.tgz",
      "integrity": "sha1-uN8PuAK7+o6JvR2Ti04WV47UTys=",
      "requires": {
        "fs.realpath": "^1.0.0",
        "inflight": "^1.0.4",
        "inherits": "2",
        "minimatch": "^3.1.1",
        "once": "^1.3.0",
        "path-is-absolute": "^1.0.0"
      }
    },
    "graceful-fs": {
      "version": "4.2.10",
      "resolved": "http://r.npm.sankuai.com/graceful-fs/download/graceful-fs-4.2.10.tgz",
      "integrity": "sha1-FH06AG2kyjzhRyjHrvwofDZ9emw="
    },
    "handlebars": {
      "version": "4.7.7",
      "resolved": "http://r.npm.sankuai.com/handlebars/download/handlebars-4.7.7.tgz",
      "integrity": "sha1-nOM0FqrQLb1sj6+oJA1dmABJRaE=",
      "requires": {
        "minimist": "^1.2.5",
        "neo-async": "^2.6.0",
        "source-map": "^0.6.1",
        "uglify-js": "^3.1.4",
        "wordwrap": "^1.0.0"
      }
    },
    "has": {
      "version": "1.0.3",
      "resolved": "http://r.npm.sankuai.com/has/download/has-1.0.3.tgz",
      "integrity": "sha1-ci18v8H2qoJB8W3YFOAR4fQeh5Y=",
      "requires": {
        "function-bind": "^1.1.1"
      }
    },
    "has-flag": {
      "version": "4.0.0",
      "resolved": "http://r.npm.sankuai.com/has-flag/download/has-flag-4.0.0.tgz",
      "integrity": "sha1-lEdx/ZyByBJlxNaUGGDaBrtZR5s="
    },
    "inflight": {
      "version": "1.0.6",
      "resolved": "http://r.npm.sankuai.com/inflight/download/inflight-1.0.6.tgz",
      "integrity": "sha1-Sb1jMdfQLQwJvJEKEHW6gWW1bfk=",
      "requires": {
        "once": "^1.3.0",
        "wrappy": "1"
      }
    },
    "inherits": {
      "version": "2.0.3",
      "resolved": "http://r.npm.sankuai.com/inherits/download/inherits-2.0.3.tgz",
      "integrity": "sha1-Yzwsg+PaQqUC9SRmAiSA9CCCYd4="
    },
    "interpret": {
      "version": "1.4.0",
      "resolved": "http://r.npm.sankuai.com/interpret/download/interpret-1.4.0.tgz",
      "integrity": "sha1-Zlq4vE2iendKQFhOgS4+D6RbGh4="
    },
    "is-arrayish": {
      "version": "0.2.1",
      "resolved": "http://r.npm.sankuai.com/is-arrayish/download/is-arrayish-0.2.1.tgz",
      "integrity": "sha1-d8mYQFJ6qOyxqLppe4BkWnqSap0="
    },
    "is-core-module": {
      "version": "2.9.0",
      "resolved": "http://r.npm.sankuai.com/is-core-module/download/is-core-module-2.9.0.tgz",
      "integrity": "sha1-4cNEKc1Rxt2eCeB5njluJ7GanGk=",
      "requires": {
        "has": "^1.0.3"
      }
    },
    "json-parse-better-errors": {
      "version": "1.0.2",
      "resolved": "http://r.npm.sankuai.com/json-parse-better-errors/download/json-parse-better-errors-1.0.2.tgz",
      "integrity": "sha1-u4Z8+zRQ5pEHwTHRxRS6s9yLyqk="
    },
    "jsonfile": {
      "version": "6.1.0",
      "resolved": "http://r.npm.sankuai.com/jsonfile/download/jsonfile-6.1.0.tgz",
      "integrity": "sha1-vFWyY0eTxnnsZAMJTrE2mKbsCq4=",
      "requires": {
        "graceful-fs": "^4.1.6",
        "universalify": "^2.0.0"
      }
    },
    "klaw": {
      "version": "4.0.1",
      "resolved": "http://r.npm.sankuai.com/klaw/download/klaw-4.0.1.tgz",
      "integrity": "sha1-jcb1cj8FiU6OkxtRao/xXCl202g="
    },
    "kleur": {
      "version": "3.0.3",
      "resolved": "http://r.npm.sankuai.com/kleur/download/kleur-3.0.3.tgz",
      "integrity": "sha1-p5yezIbuHOP6YgbRIWxQHxR/wH4="
    },
    "load-json-file": {
      "version": "4.0.0",
      "resolved": "http://r.npm.sankuai.com/load-json-file/download/load-json-file-4.0.0.tgz",
      "integrity": "sha1-L19Fq5HjMhYjT9U62rZo607AmTs=",
      "requires": {
        "graceful-fs": "^4.1.2",
        "parse-json": "^4.0.0",
        "pify": "^3.0.0",
        "strip-bom": "^3.0.0"
      }
    },
    "locate-path": {
      "version": "2.0.0",
      "resolved": "http://r.npm.sankuai.com/locate-path/download/locate-path-2.0.0.tgz",
      "integrity": "sha1-K1aLJl7slExtnA3pw9u7ygNUzY4=",
      "requires": {
        "p-locate": "^2.0.0",
        "path-exists": "^3.0.0"
      }
    },
    "minimatch": {
      "version": "3.1.2",
      "resolved": "http://r.npm.sankuai.com/minimatch/download/minimatch-3.1.2.tgz",
      "integrity": "sha1-Gc0ZS/0+Qo8EmnCBfAONiatL41s=",
      "requires": {
        "brace-expansion": "^1.1.7"
      }
    },
    "minimist": {
      "version": "1.2.6",
      "resolved": "http://r.npm.sankuai.com/minimist/download/minimist-1.2.6.tgz",
      "integrity": "sha1-hjelt1nqDW6YcCz7OpKDMjyTr0Q="
    },
    "ms": {
      "version": "2.1.2",
      "resolved": "http://r.npm.sankuai.com/ms/download/ms-2.1.2.tgz",
      "integrity": "sha1-0J0fNXtEP0kzgqjrPM0YOHKuYAk="
    },
    "neo-async": {
      "version": "2.6.2",
      "resolved": "http://r.npm.sankuai.com/neo-async/download/neo-async-2.6.2.tgz",
      "integrity": "sha1-tKr7k+OustgXTKU88WOrfXMIMF8="
    },
    "once": {
      "version": "1.4.0",
      "resolved": "http://r.npm.sankuai.com/once/download/once-1.4.0.tgz",
      "integrity": "sha1-WDsap3WWHUsROsF9nFC6753Xa9E=",
      "requires": {
        "wrappy": "1"
      }
    },
    "os": {
      "version": "0.1.2",
      "resolved": "http://r.npm.sankuai.com/os/download/os-0.1.2.tgz",
      "integrity": "sha1-8ppQxikIUWukJlLeQvcDhgDK28I="
    },
    "p-limit": {
      "version": "1.3.0",
      "resolved": "http://r.npm.sankuai.com/p-limit/download/p-limit-1.3.0.tgz",
      "integrity": "sha1-uGvV8MJWkJEcdZD8v8IBDVSzzLg=",
      "requires": {
        "p-try": "^1.0.0"
      }
    },
    "p-locate": {
      "version": "2.0.0",
      "resolved": "http://r.npm.sankuai.com/p-locate/download/p-locate-2.0.0.tgz",
      "integrity": "sha1-IKAQOyIqcMj9OcwuWAaA893l7EM=",
      "requires": {
        "p-limit": "^1.1.0"
      }
    },
    "p-try": {
      "version": "1.0.0",
      "resolved": "http://r.npm.sankuai.com/p-try/download/p-try-1.0.0.tgz",
      "integrity": "sha1-y8ec26+P1CKOE/Yh8rGiN8GyB7M="
    },
    "parse-json": {
      "version": "4.0.0",
      "resolved": "http://r.npm.sankuai.com/parse-json/download/parse-json-4.0.0.tgz",
      "integrity": "sha1-vjX1Qlvh9/bHRxhPmKeIy5lHfuA=",
      "requires": {
        "error-ex": "^1.3.1",
        "json-parse-better-errors": "^1.0.1"
      }
    },
    "path": {
      "version": "0.12.7",
      "resolved": "http://r.npm.sankuai.com/path/download/path-0.12.7.tgz",
      "integrity": "sha1-1NwqUGxM4hl+tIHr/NWzbAFAsQ8=",
      "requires": {
        "process": "^0.11.1",
        "util": "^0.10.3"
      }
    },
    "path-exists": {
      "version": "3.0.0",
      "resolved": "http://r.npm.sankuai.com/path-exists/download/path-exists-3.0.0.tgz",
      "integrity": "sha1-zg6+ql94yxiSXqfYENe1mwEP1RU="
    },
    "path-is-absolute": {
      "version": "1.0.1",
      "resolved": "http://r.npm.sankuai.com/path-is-absolute/download/path-is-absolute-1.0.1.tgz",
      "integrity": "sha1-F0uSaHNVNP+8es5r9TpanhtcX18="
    },
    "path-parse": {
      "version": "1.0.7",
      "resolved": "http://r.npm.sankuai.com/path-parse/download/path-parse-1.0.7.tgz",
      "integrity": "sha1-+8EUtgykKzDZ2vWFjkvWi77bZzU="
    },
    "pify": {
      "version": "3.0.0",
      "resolved": "http://r.npm.sankuai.com/pify/download/pify-3.0.0.tgz",
      "integrity": "sha1-5aSs0sEB/fPZpNB/DbxNtJ3SgXY="
    },
    "pkg-conf": {
      "version": "2.1.0",
      "resolved": "http://r.npm.sankuai.com/pkg-conf/download/pkg-conf-2.1.0.tgz",
      "integrity": "sha1-ISZRTKbyq/69FoWW3xi6V4Z/AFg=",
      "requires": {
        "find-up": "^2.0.0",
        "load-json-file": "^4.0.0"
      }
    },
    "process": {
      "version": "0.11.10",
      "resolved": "http://r.npm.sankuai.com/process/download/process-0.11.10.tgz",
      "integrity": "sha1-czIwDoQBYb2j5podHZGn1LwW8YI="
    },
    "prompts": {
      "version": "2.4.2",
      "resolved": "http://r.npm.sankuai.com/prompts/download/prompts-2.4.2.tgz",
      "integrity": "sha1-e1fnOzpIAprRDr1E90sBcipMsGk=",
      "requires": {
        "kleur": "^3.0.3",
        "sisteransi": "^1.0.5"
      }
    },
    "rechoir": {
      "version": "0.6.2",
      "resolved": "http://r.npm.sankuai.com/rechoir/download/rechoir-0.6.2.tgz",
      "integrity": "sha1-hSBLVNuoLVdC4oyWdW70OvUOM4Q=",
      "requires": {
        "resolve": "^1.1.6"
      }
    },
    "resolve": {
      "version": "1.22.1",
      "resolved": "http://r.npm.sankuai.com/resolve/download/resolve-1.22.1.tgz",
      "integrity": "sha1-J8suu1P5GrtJRwqSi7p1WAZqwXc=",
      "requires": {
        "is-core-module": "^2.9.0",
        "path-parse": "^1.0.7",
        "supports-preserve-symlinks-flag": "^1.0.0"
      }
    },
    "shelljs": {
      "version": "0.8.5",
      "resolved": "http://r.npm.sankuai.com/shelljs/download/shelljs-0.8.5.tgz",
      "integrity": "sha1-3gVUCNg2G+1mxmnS8ABTjO2O4gw=",
      "requires": {
        "glob": "^7.0.0",
        "interpret": "^1.0.0",
        "rechoir": "^0.6.2"
      }
    },
    "signale": {
      "version": "1.4.0",
      "resolved": "http://r.npm.sankuai.com/signale/download/signale-1.4.0.tgz",
      "integrity": "sha1-xL5YMC+wJirAD8PYhqfBE3WQQvE=",
      "requires": {
        "chalk": "^2.3.2",
        "figures": "^2.0.0",
        "pkg-conf": "^2.1.0"
      },
      "dependencies": {
        "ansi-styles": {
          "version": "3.2.1",
          "resolved": "http://r.npm.sankuai.com/ansi-styles/download/ansi-styles-3.2.1.tgz",
          "integrity": "sha1-QfuyAkPlCxK+DwS43tvwdSDOhB0=",
          "requires": {
            "color-convert": "^1.9.0"
          }
        },
        "chalk": {
          "version": "2.4.2",
          "resolved": "http://r.npm.sankuai.com/chalk/download/chalk-2.4.2.tgz",
          "integrity": "sha1-zUJUFnelQzPPVBpJEIwUMrRMlCQ=",
          "requires": {
            "ansi-styles": "^3.2.1",
            "escape-string-regexp": "^1.0.5",
            "supports-color": "^5.3.0"
          }
        },
        "color-convert": {
          "version": "1.9.3",
          "resolved": "http://r.npm.sankuai.com/color-convert/download/color-convert-1.9.3.tgz",
          "integrity": "sha1-u3GFBpDh8TZWfeYp0tVHHe2kweg=",
          "requires": {
            "color-name": "1.1.3"
          }
        },
        "color-name": {
          "version": "1.1.3",
          "resolved": "http://r.npm.sankuai.com/color-name/download/color-name-1.1.3.tgz",
          "integrity": "sha1-p9BVi9icQveV3UIyj3QIMcpTvCU="
        },
        "has-flag": {
          "version": "3.0.0",
          "resolved": "http://r.npm.sankuai.com/has-flag/download/has-flag-3.0.0.tgz",
          "integrity": "sha1-tdRU3CGZriJWmfNGfloH87lVuv0="
        },
        "supports-color": {
          "version": "5.5.0",
          "resolved": "http://r.npm.sankuai.com/supports-color/download/supports-color-5.5.0.tgz",
          "integrity": "sha1-4uaaRKyHcveKHsCzW2id9lMO/I8=",
          "requires": {
            "has-flag": "^3.0.0"
          }
        }
      }
    },
    "sisteransi": {
      "version": "1.0.5",
      "resolved": "http://r.npm.sankuai.com/sisteransi/download/sisteransi-1.0.5.tgz",
      "integrity": "sha1-E01oEpd1ZDfMBcoBNw06elcQde0="
    },
    "source-map": {
      "version": "0.6.1",
      "resolved": "http://r.npm.sankuai.com/source-map/download/source-map-0.6.1.tgz",
      "integrity": "sha1-dHIq8y6WFOnCh6jQu95IteLxomM="
    },
    "strip-bom": {
      "version": "3.0.0",
      "resolved": "http://r.npm.sankuai.com/strip-bom/download/strip-bom-3.0.0.tgz",
      "integrity": "sha1-IzTBjpx1n3vdVv3vfprj1YjmjtM="
    },
    "supports-color": {
      "version": "7.2.0",
      "resolved": "http://r.npm.sankuai.com/supports-color/download/supports-color-7.2.0.tgz",
      "integrity": "sha1-G33NyzK4E4gBs+R4umpRyqiWSNo=",
      "requires": {
        "has-flag": "^4.0.0"
      }
    },
    "supports-preserve-symlinks-flag": {
      "version": "1.0.0",
      "resolved": "http://r.npm.sankuai.com/supports-preserve-symlinks-flag/download/supports-preserve-symlinks-flag-1.0.0.tgz",
      "integrity": "sha1-btpL00SjyUrqN21MwxvHcxEDngk="
    },
    "uglify-js": {
      "version": "3.15.5",
      "resolved": "http://r.npm.sankuai.com/uglify-js/download/uglify-js-3.15.5.tgz",
      "integrity": "sha1-KxD54L+z9cFajoQEOTtjYerrM7M=",
      "optional": true
    },
    "universalify": {
      "version": "2.0.0",
      "resolved": "http://r.npm.sankuai.com/universalify/download/universalify-2.0.0.tgz",
      "integrity": "sha1-daSYTv7cSwiXXFrrc/Uw0C3yVxc="
    },
    "util": {
      "version": "0.10.4",
      "resolved": "http://r.npm.sankuai.com/util/download/util-0.10.4.tgz",
      "integrity": "sha1-OqASW/5mikZy3liFfTrOJ+y3aQE=",
      "requires": {
        "inherits": "2.0.3"
      }
    },
    "wordwrap": {
      "version": "1.0.0",
      "resolved": "http://r.npm.sankuai.com/wordwrap/download/wordwrap-1.0.0.tgz",
      "integrity": "sha1-J1hIEIkUVqQXHI0CJkQa3pDLyus="
    },
    "wrappy": {
      "version": "1.0.2",
      "resolved": "http://r.npm.sankuai.com/wrappy/download/wrappy-1.0.2.tgz",
      "integrity": "sha1-tSQ9jz7BqjXxNkYFvA0QNuMKtp8="
    }
  }
}
